
Microsoft Visual Studio Solution File, Format Version 12.00
# Visual Studio Version 16
VisualStudioVersion = 16.0.31702.278
MinimumVisualStudioVersion = 10.0.40219.1
Project("{8BC9CEB8-8B4A-11D0-8D11-00A0C91BC942}") = "Sandbox", "Sandbox\Sandbox.vcxproj", "{FA354BBB-B365-4D18-AF7D-85F27D8F0934}"
EndProject
Project("{8BC9CEB8-8B4A-11D0-8D11-00A0C91BC942}") = "Lava-Forge", "Lava-Forge\Lava-Forge.vcxproj", "{AA414D46-2422-46EC-B110-55F0CCE0934D}"
EndProject
Global
	GlobalSection(SolutionConfigurationPlatforms) = preSolution
		Debug|x64 = Debug|x64
		Release|x64 = Release|x64
	EndGlobalSection
	GlobalSection(ProjectConfigurationPlatforms) = postSolution
		{AA414D46-2422-46EC-B110-55F0CCE0934D}.Debug|x64.ActiveCfg = Debug|x64
		{AA414D46-2422-46EC-B110-55F0CCE0934D}.Debug|x64.Build.0 = Debug|x64
		{AA414D46-2422-46EC-B110-55F0CCE0934D}.Release|x64.ActiveCfg = Release|x64
		{AA414D46-2422-46EC-B110-55F0CCE0934D}.Release|x64.Build.0 = Release|x64
		{FA354BBB-B365-4D18-AF7D-85F27D8F0934}.Debug|x64.ActiveCfg = Debug|x64
		{FA354BBB-B365-4D18-AF7D-85F27D8F0934}.Debug|x64.Build.0 = Debug|x64
		{FA354BBB-B365-4D18-AF7D-85F27D8F0934}.Release|x64.ActiveCfg = Release|x64
		{FA354BBB-B365-4D18-AF7D-85F27D8F0934}.Release|x64.Build.0 = Release|x64
	EndGlobalSection
	GlobalSection(SolutionProperties) = preSolution
		HideSolutionNode = FALSE
	EndGlobalSection
	GlobalSection(ExtensibilityGlobals) = postSolution
		SolutionGuid = {3AE90C35-4452-45F1-9595-96D555C23197}
	EndGlobalSection
EndGlobal
